
Microsoft Visual Studio Solution File, Format Version 12.00
# Visual Studio Version 16
VisualStudioVersion = 16.0.30711.63
MinimumVisualStudioVersion = 10.0.40219.1
Project("{9A19103F-16F7-4668-BE54-9A1E7A4F7556}") = "GeolocationApp", "GeolocationApp\GeolocationApp.csproj", "{154EB6C3-C884-433D-8C2D-ACA09657473C}"
EndProject
Global
	GlobalSection(SolutionConfigurationPlatforms) = preSolution
		Debug|Any CPU = Debug|Any CPU
		Debug|x64 = Debug|x64
		Release|Any CPU = Release|Any CPU
		Release|x64 = Release|x64
	EndGlobalSection
	GlobalSection(ProjectConfigurationPlatforms) = postSolution
		{154EB6C3-C884-433D-8C2D-ACA09657473C}.Debug|Any CPU.ActiveCfg = Debug|x64
		{154EB6C3-C884-433D-8C2D-ACA09657473C}.Debug|Any CPU.Build.0 = Debug|x64
		{154EB6C3-C884-433D-8C2D-ACA09657473C}.Debug|x64.ActiveCfg = Debug|x64
		{154EB6C3-C884-433D-8C2D-ACA09657473C}.Debug|x64.Build.0 = Debug|x64
		{154EB6C3-C884-433D-8C2D-ACA09657473C}.Release|Any CPU.ActiveCfg = Release|Any CPU
		{154EB6C3-C884-433D-8C2D-ACA09657473C}.Release|Any CPU.Build.0 = Release|Any CPU
		{154EB6C3-C884-433D-8C2D-ACA09657473C}.Release|x64.ActiveCfg = Release|Any CPU
		{154EB6C3-C884-433D-8C2D-ACA09657473C}.Release|x64.Build.0 = Release|Any CPU
	EndGlobalSection
	GlobalSection(SolutionProperties) = preSolution
		HideSolutionNode = FALSE
	EndGlobalSection
	GlobalSection(ExtensibilityGlobals) = postSolution
		SolutionGuid = {66397DB9-9374-4EF1-9EFF-2CEC271FC819}
	EndGlobalSection
EndGlobal
