
Microsoft Visual Studio Solution File, Format Version 12.00
# Visual Studio Version 16
VisualStudioVersion = 16.0.30711.63
MinimumVisualStudioVersion = 10.0.40219.1
Project("{8BC9CEB8-8B4A-11D0-8D11-00A0C91BC942}") = "GeolocationComponent", "GeolocationComponent\GeolocationComponent.vcxproj", "{DEABBE01-C985-4DBC-A80F-302F25BA0ADB}"
EndProject
Project("{9A19103F-16F7-4668-BE54-9A1E7A4F7556}") = "GeolocationProjection", "GeolocationProjection\GeolocationProjection.csproj", "{1E88B9C0-C193-4A62-946E-710657DFE310}"
EndProject
Project("{2150E333-8FDC-42A3-9474-1A3956D46DE8}") = "Solution Items", "Solution Items", "{8EC6F88B-9EFB-459F-9830-24483CFE1085}"
	ProjectSection(SolutionItems) = preProject
		Directory.Build.props = Directory.Build.props
		Directory.Build.targets = Directory.Build.targets
	EndProjectSection
EndProject
Global
	GlobalSection(SolutionConfigurationPlatforms) = preSolution
		Debug|Any CPU = Debug|Any CPU
		Debug|ARM = Debug|ARM
		Debug|ARM64 = Debug|ARM64
		Debug|x64 = Debug|x64
		Debug|x86 = Debug|x86
		Release|Any CPU = Release|Any CPU
		Release|ARM = Release|ARM
		Release|ARM64 = Release|ARM64
		Release|x64 = Release|x64
		Release|x86 = Release|x86
	EndGlobalSection
	GlobalSection(ProjectConfigurationPlatforms) = postSolution
		{DEABBE01-C985-4DBC-A80F-302F25BA0ADB}.Debug|Any CPU.ActiveCfg = Debug|Win32
		{DEABBE01-C985-4DBC-A80F-302F25BA0ADB}.Debug|ARM.ActiveCfg = Debug|ARM
		{DEABBE01-C985-4DBC-A80F-302F25BA0ADB}.Debug|ARM.Build.0 = Debug|ARM
		{DEABBE01-C985-4DBC-A80F-302F25BA0ADB}.Debug|ARM64.ActiveCfg = Debug|ARM64
		{DEABBE01-C985-4DBC-A80F-302F25BA0ADB}.Debug|ARM64.Build.0 = Debug|ARM64
		{DEABBE01-C985-4DBC-A80F-302F25BA0ADB}.Debug|x64.ActiveCfg = Debug|x64
		{DEABBE01-C985-4DBC-A80F-302F25BA0ADB}.Debug|x64.Build.0 = Debug|x64
		{DEABBE01-C985-4DBC-A80F-302F25BA0ADB}.Debug|x86.ActiveCfg = Debug|Win32
		{DEABBE01-C985-4DBC-A80F-302F25BA0ADB}.Debug|x86.Build.0 = Debug|Win32
		{DEABBE01-C985-4DBC-A80F-302F25BA0ADB}.Release|Any CPU.ActiveCfg = Release|Win32
		{DEABBE01-C985-4DBC-A80F-302F25BA0ADB}.Release|ARM.ActiveCfg = Release|ARM
		{DEABBE01-C985-4DBC-A80F-302F25BA0ADB}.Release|ARM.Build.0 = Release|ARM
		{DEABBE01-C985-4DBC-A80F-302F25BA0ADB}.Release|ARM64.ActiveCfg = Release|ARM64
		{DEABBE01-C985-4DBC-A80F-302F25BA0ADB}.Release|ARM64.Build.0 = Release|ARM64
		{DEABBE01-C985-4DBC-A80F-302F25BA0ADB}.Release|x64.ActiveCfg = Release|x64
		{DEABBE01-C985-4DBC-A80F-302F25BA0ADB}.Release|x64.Build.0 = Release|x64
		{DEABBE01-C985-4DBC-A80F-302F25BA0ADB}.Release|x86.ActiveCfg = Release|Win32
		{DEABBE01-C985-4DBC-A80F-302F25BA0ADB}.Release|x86.Build.0 = Release|Win32
		{1E88B9C0-C193-4A62-946E-710657DFE310}.Debug|Any CPU.ActiveCfg = Debug|Any CPU
		{1E88B9C0-C193-4A62-946E-710657DFE310}.Debug|Any CPU.Build.0 = Debug|Any CPU
		{1E88B9C0-C193-4A62-946E-710657DFE310}.Debug|ARM.ActiveCfg = Debug|Any CPU
		{1E88B9C0-C193-4A62-946E-710657DFE310}.Debug|ARM.Build.0 = Debug|Any CPU
		{1E88B9C0-C193-4A62-946E-710657DFE310}.Debug|ARM64.ActiveCfg = Debug|Any CPU
		{1E88B9C0-C193-4A62-946E-710657DFE310}.Debug|ARM64.Build.0 = Debug|Any CPU
		{1E88B9C0-C193-4A62-946E-710657DFE310}.Debug|x64.ActiveCfg = Debug|x64
		{1E88B9C0-C193-4A62-946E-710657DFE310}.Debug|x64.Build.0 = Debug|x64
		{1E88B9C0-C193-4A62-946E-710657DFE310}.Debug|x86.ActiveCfg = Debug|x86
		{1E88B9C0-C193-4A62-946E-710657DFE310}.Debug|x86.Build.0 = Debug|x86
		{1E88B9C0-C193-4A62-946E-710657DFE310}.Release|Any CPU.ActiveCfg = Release|Any CPU
		{1E88B9C0-C193-4A62-946E-710657DFE310}.Release|Any CPU.Build.0 = Release|Any CPU
		{1E88B9C0-C193-4A62-946E-710657DFE310}.Release|ARM.ActiveCfg = Release|Any CPU
		{1E88B9C0-C193-4A62-946E-710657DFE310}.Release|ARM.Build.0 = Release|Any CPU
		{1E88B9C0-C193-4A62-946E-710657DFE310}.Release|ARM64.ActiveCfg = Release|Any CPU
		{1E88B9C0-C193-4A62-946E-710657DFE310}.Release|ARM64.Build.0 = Release|Any CPU
		{1E88B9C0-C193-4A62-946E-710657DFE310}.Release|x64.ActiveCfg = Release|Any CPU
		{1E88B9C0-C193-4A62-946E-710657DFE310}.Release|x64.Build.0 = Release|Any CPU
		{1E88B9C0-C193-4A62-946E-710657DFE310}.Release|x86.ActiveCfg = Release|Any CPU
		{1E88B9C0-C193-4A62-946E-710657DFE310}.Release|x86.Build.0 = Release|Any CPU
	EndGlobalSection
	GlobalSection(SolutionProperties) = preSolution
		HideSolutionNode = FALSE
	EndGlobalSection
	GlobalSection(ExtensibilityGlobals) = postSolution
		SolutionGuid = {3A797D59-4313-4128-B4B3-DF28BBF0D17E}
	EndGlobalSection
EndGlobal
